<?xml version="1.0" encoding="UTF-8"?>
<CodeBlocks_project_file>
	<FileVersion major="1" minor="6"/>
	<Project>
		<Option title="Lab1"/>
		<Option makefile_is_custom="1"/>
		<Option compiler="gcc"/>
		<Option virtualFolders="CMake Files\;"/>
		<Build>
			<Target title="all">
				<Option working_dir="/home/crystal/compilerPriciple/Lab/CmakeBuild"/>
				<Option type="4"/>
				<MakeCommands>
					<Build command="/usr/bin/gmake -j16 -f &quot;/home/crystal/compilerPriciple/Lab/CmakeBuild/Makefile&quot;  VERBOSE=1 all"/>
					<CompileFile command="/usr/bin/gmake -j16 -f &quot;/home/crystal/compilerPriciple/Lab/CmakeBuild/Makefile&quot;  VERBOSE=1 &quot;$file&quot;"/>
					<Clean command="/usr/bin/gmake -j16 -f &quot;/home/crystal/compilerPriciple/Lab/CmakeBuild/Makefile&quot;  VERBOSE=1 clean"/>
					<DistClean command="/usr/bin/gmake -j16 -f &quot;/home/crystal/compilerPriciple/Lab/CmakeBuild/Makefile&quot;  VERBOSE=1 clean"/>
				</MakeCommands>
			</Target>
			<Target title="Lexer">
				<Option output="/home/crystal/compilerPriciple/Lab/CmakeBuild/lib/libLexer.a" prefix_auto="0" extension_auto="0"/>
				<Option working_dir="/home/crystal/compilerPriciple/Lab/CmakeBuild"/>
				<Option object_output="./"/>
				<Option type="2"/>
				<Option compiler="gcc"/>
				<Compiler>
					<Add directory="/home/crystal/compilerPriciple/Lab/include"/>
					<Add directory="/usr/lib/gcc/x86_64-linux-gnu/11/include"/>
					<Add directory="/usr/local/include"/>
					<Add directory="/usr/include/x86_64-linux-gnu"/>
					<Add directory="/usr/include"/>
				</Compiler>
				<MakeCommands>
					<Build command="/usr/bin/gmake -j16 -f &quot;/home/crystal/compilerPriciple/Lab/CmakeBuild/Makefile&quot;  VERBOSE=1 Lexer"/>
					<CompileFile command="/usr/bin/gmake -j16 -f &quot;/home/crystal/compilerPriciple/Lab/CmakeBuild/Makefile&quot;  VERBOSE=1 &quot;$file&quot;"/>
					<Clean command="/usr/bin/gmake -j16 -f &quot;/home/crystal/compilerPriciple/Lab/CmakeBuild/Makefile&quot;  VERBOSE=1 clean"/>
					<DistClean command="/usr/bin/gmake -j16 -f &quot;/home/crystal/compilerPriciple/Lab/CmakeBuild/Makefile&quot;  VERBOSE=1 clean"/>
				</MakeCommands>
			</Target>
			<Target title="Lexer/fast">
				<Option output="/home/crystal/compilerPriciple/Lab/CmakeBuild/lib/libLexer.a" prefix_auto="0" extension_auto="0"/>
				<Option working_dir="/home/crystal/compilerPriciple/Lab/CmakeBuild"/>
				<Option object_output="./"/>
				<Option type="2"/>
				<Option compiler="gcc"/>
				<Compiler>
					<Add directory="/home/crystal/compilerPriciple/Lab/include"/>
					<Add directory="/usr/lib/gcc/x86_64-linux-gnu/11/include"/>
					<Add directory="/usr/local/include"/>
					<Add directory="/usr/include/x86_64-linux-gnu"/>
					<Add directory="/usr/include"/>
				</Compiler>
				<MakeCommands>
					<Build command="/usr/bin/gmake -j16 -f &quot;/home/crystal/compilerPriciple/Lab/CmakeBuild/Makefile&quot;  VERBOSE=1 Lexer/fast"/>
					<CompileFile command="/usr/bin/gmake -j16 -f &quot;/home/crystal/compilerPriciple/Lab/CmakeBuild/Makefile&quot;  VERBOSE=1 &quot;$file&quot;"/>
					<Clean command="/usr/bin/gmake -j16 -f &quot;/home/crystal/compilerPriciple/Lab/CmakeBuild/Makefile&quot;  VERBOSE=1 clean"/>
					<DistClean command="/usr/bin/gmake -j16 -f &quot;/home/crystal/compilerPriciple/Lab/CmakeBuild/Makefile&quot;  VERBOSE=1 clean"/>
				</MakeCommands>
			</Target>
			<Target title="Parser">
				<Option output="/home/crystal/compilerPriciple/Lab/CmakeBuild/lib/libParser.a" prefix_auto="0" extension_auto="0"/>
				<Option working_dir="/home/crystal/compilerPriciple/Lab/CmakeBuild"/>
				<Option object_output="./"/>
				<Option type="2"/>
				<Option compiler="gcc"/>
				<Compiler>
					<Add directory="/home/crystal/compilerPriciple/Lab/include"/>
					<Add directory="/usr/lib/gcc/x86_64-linux-gnu/11/include"/>
					<Add directory="/usr/local/include"/>
					<Add directory="/usr/include/x86_64-linux-gnu"/>
					<Add directory="/usr/include"/>
				</Compiler>
				<MakeCommands>
					<Build command="/usr/bin/gmake -j16 -f &quot;/home/crystal/compilerPriciple/Lab/CmakeBuild/Makefile&quot;  VERBOSE=1 Parser"/>
					<CompileFile command="/usr/bin/gmake -j16 -f &quot;/home/crystal/compilerPriciple/Lab/CmakeBuild/Makefile&quot;  VERBOSE=1 &quot;$file&quot;"/>
					<Clean command="/usr/bin/gmake -j16 -f &quot;/home/crystal/compilerPriciple/Lab/CmakeBuild/Makefile&quot;  VERBOSE=1 clean"/>
					<DistClean command="/usr/bin/gmake -j16 -f &quot;/home/crystal/compilerPriciple/Lab/CmakeBuild/Makefile&quot;  VERBOSE=1 clean"/>
				</MakeCommands>
			</Target>
			<Target title="Parser/fast">
				<Option output="/home/crystal/compilerPriciple/Lab/CmakeBuild/lib/libParser.a" prefix_auto="0" extension_auto="0"/>
				<Option working_dir="/home/crystal/compilerPriciple/Lab/CmakeBuild"/>
				<Option object_output="./"/>
				<Option type="2"/>
				<Option compiler="gcc"/>
				<Compiler>
					<Add directory="/home/crystal/compilerPriciple/Lab/include"/>
					<Add directory="/usr/lib/gcc/x86_64-linux-gnu/11/include"/>
					<Add directory="/usr/local/include"/>
					<Add directory="/usr/include/x86_64-linux-gnu"/>
					<Add directory="/usr/include"/>
				</Compiler>
				<MakeCommands>
					<Build command="/usr/bin/gmake -j16 -f &quot;/home/crystal/compilerPriciple/Lab/CmakeBuild/Makefile&quot;  VERBOSE=1 Parser/fast"/>
					<CompileFile command="/usr/bin/gmake -j16 -f &quot;/home/crystal/compilerPriciple/Lab/CmakeBuild/Makefile&quot;  VERBOSE=1 &quot;$file&quot;"/>
					<Clean command="/usr/bin/gmake -j16 -f &quot;/home/crystal/compilerPriciple/Lab/CmakeBuild/Makefile&quot;  VERBOSE=1 clean"/>
					<DistClean command="/usr/bin/gmake -j16 -f &quot;/home/crystal/compilerPriciple/Lab/CmakeBuild/Makefile&quot;  VERBOSE=1 clean"/>
				</MakeCommands>
			</Target>
			<Target title="SimpleContainers">
				<Option output="/home/crystal/compilerPriciple/Lab/CmakeBuild/lib/libSimpleContainers.a" prefix_auto="0" extension_auto="0"/>
				<Option working_dir="/home/crystal/compilerPriciple/Lab/CmakeBuild"/>
				<Option object_output="./"/>
				<Option type="2"/>
				<Option compiler="gcc"/>
				<Compiler>
					<Add directory="/home/crystal/compilerPriciple/Lab/include"/>
					<Add directory="/usr/lib/gcc/x86_64-linux-gnu/11/include"/>
					<Add directory="/usr/local/include"/>
					<Add directory="/usr/include/x86_64-linux-gnu"/>
					<Add directory="/usr/include"/>
				</Compiler>
				<MakeCommands>
					<Build command="/usr/bin/gmake -j16 -f &quot;/home/crystal/compilerPriciple/Lab/CmakeBuild/Makefile&quot;  VERBOSE=1 SimpleContainers"/>
					<CompileFile command="/usr/bin/gmake -j16 -f &quot;/home/crystal/compilerPriciple/Lab/CmakeBuild/Makefile&quot;  VERBOSE=1 &quot;$file&quot;"/>
					<Clean command="/usr/bin/gmake -j16 -f &quot;/home/crystal/compilerPriciple/Lab/CmakeBuild/Makefile&quot;  VERBOSE=1 clean"/>
					<DistClean command="/usr/bin/gmake -j16 -f &quot;/home/crystal/compilerPriciple/Lab/CmakeBuild/Makefile&quot;  VERBOSE=1 clean"/>
				</MakeCommands>
			</Target>
			<Target title="SimpleContainers/fast">
				<Option output="/home/crystal/compilerPriciple/Lab/CmakeBuild/lib/libSimpleContainers.a" prefix_auto="0" extension_auto="0"/>
				<Option working_dir="/home/crystal/compilerPriciple/Lab/CmakeBuild"/>
				<Option object_output="./"/>
				<Option type="2"/>
				<Option compiler="gcc"/>
				<Compiler>
					<Add directory="/home/crystal/compilerPriciple/Lab/include"/>
					<Add directory="/usr/lib/gcc/x86_64-linux-gnu/11/include"/>
					<Add directory="/usr/local/include"/>
					<Add directory="/usr/include/x86_64-linux-gnu"/>
					<Add directory="/usr/include"/>
				</Compiler>
				<MakeCommands>
					<Build command="/usr/bin/gmake -j16 -f &quot;/home/crystal/compilerPriciple/Lab/CmakeBuild/Makefile&quot;  VERBOSE=1 SimpleContainers/fast"/>
					<CompileFile command="/usr/bin/gmake -j16 -f &quot;/home/crystal/compilerPriciple/Lab/CmakeBuild/Makefile&quot;  VERBOSE=1 &quot;$file&quot;"/>
					<Clean command="/usr/bin/gmake -j16 -f &quot;/home/crystal/compilerPriciple/Lab/CmakeBuild/Makefile&quot;  VERBOSE=1 clean"/>
					<DistClean command="/usr/bin/gmake -j16 -f &quot;/home/crystal/compilerPriciple/Lab/CmakeBuild/Makefile&quot;  VERBOSE=1 clean"/>
				</MakeCommands>
			</Target>
			<Target title="ErrorReporter">
				<Option output="/home/crystal/compilerPriciple/Lab/CmakeBuild/lib/libErrorReporter.a" prefix_auto="0" extension_auto="0"/>
				<Option working_dir="/home/crystal/compilerPriciple/Lab/CmakeBuild"/>
				<Option object_output="./"/>
				<Option type="2"/>
				<Option compiler="gcc"/>
				<Compiler>
					<Add directory="/home/crystal/compilerPriciple/Lab/include"/>
					<Add directory="/usr/lib/gcc/x86_64-linux-gnu/11/include"/>
					<Add directory="/usr/local/include"/>
					<Add directory="/usr/include/x86_64-linux-gnu"/>
					<Add directory="/usr/include"/>
				</Compiler>
				<MakeCommands>
					<Build command="/usr/bin/gmake -j16 -f &quot;/home/crystal/compilerPriciple/Lab/CmakeBuild/Makefile&quot;  VERBOSE=1 ErrorReporter"/>
					<CompileFile command="/usr/bin/gmake -j16 -f &quot;/home/crystal/compilerPriciple/Lab/CmakeBuild/Makefile&quot;  VERBOSE=1 &quot;$file&quot;"/>
					<Clean command="/usr/bin/gmake -j16 -f &quot;/home/crystal/compilerPriciple/Lab/CmakeBuild/Makefile&quot;  VERBOSE=1 clean"/>
					<DistClean command="/usr/bin/gmake -j16 -f &quot;/home/crystal/compilerPriciple/Lab/CmakeBuild/Makefile&quot;  VERBOSE=1 clean"/>
				</MakeCommands>
			</Target>
			<Target title="ErrorReporter/fast">
				<Option output="/home/crystal/compilerPriciple/Lab/CmakeBuild/lib/libErrorReporter.a" prefix_auto="0" extension_auto="0"/>
				<Option working_dir="/home/crystal/compilerPriciple/Lab/CmakeBuild"/>
				<Option object_output="./"/>
				<Option type="2"/>
				<Option compiler="gcc"/>
				<Compiler>
					<Add directory="/home/crystal/compilerPriciple/Lab/include"/>
					<Add directory="/usr/lib/gcc/x86_64-linux-gnu/11/include"/>
					<Add directory="/usr/local/include"/>
					<Add directory="/usr/include/x86_64-linux-gnu"/>
					<Add directory="/usr/include"/>
				</Compiler>
				<MakeCommands>
					<Build command="/usr/bin/gmake -j16 -f &quot;/home/crystal/compilerPriciple/Lab/CmakeBuild/Makefile&quot;  VERBOSE=1 ErrorReporter/fast"/>
					<CompileFile command="/usr/bin/gmake -j16 -f &quot;/home/crystal/compilerPriciple/Lab/CmakeBuild/Makefile&quot;  VERBOSE=1 &quot;$file&quot;"/>
					<Clean command="/usr/bin/gmake -j16 -f &quot;/home/crystal/compilerPriciple/Lab/CmakeBuild/Makefile&quot;  VERBOSE=1 clean"/>
					<DistClean command="/usr/bin/gmake -j16 -f &quot;/home/crystal/compilerPriciple/Lab/CmakeBuild/Makefile&quot;  VERBOSE=1 clean"/>
				</MakeCommands>
			</Target>
			<Target title="ParserAnalyzer">
				<Option output="/home/crystal/compilerPriciple/Lab/CmakeBuild/lib/libParserAnalyzer.a" prefix_auto="0" extension_auto="0"/>
				<Option working_dir="/home/crystal/compilerPriciple/Lab/CmakeBuild"/>
				<Option object_output="./"/>
				<Option type="2"/>
				<Option compiler="gcc"/>
				<Compiler>
					<Add directory="/home/crystal/compilerPriciple/Lab/include"/>
					<Add directory="/usr/lib/gcc/x86_64-linux-gnu/11/include"/>
					<Add directory="/usr/local/include"/>
					<Add directory="/usr/include/x86_64-linux-gnu"/>
					<Add directory="/usr/include"/>
				</Compiler>
				<MakeCommands>
					<Build command="/usr/bin/gmake -j16 -f &quot;/home/crystal/compilerPriciple/Lab/CmakeBuild/Makefile&quot;  VERBOSE=1 ParserAnalyzer"/>
					<CompileFile command="/usr/bin/gmake -j16 -f &quot;/home/crystal/compilerPriciple/Lab/CmakeBuild/Makefile&quot;  VERBOSE=1 &quot;$file&quot;"/>
					<Clean command="/usr/bin/gmake -j16 -f &quot;/home/crystal/compilerPriciple/Lab/CmakeBuild/Makefile&quot;  VERBOSE=1 clean"/>
					<DistClean command="/usr/bin/gmake -j16 -f &quot;/home/crystal/compilerPriciple/Lab/CmakeBuild/Makefile&quot;  VERBOSE=1 clean"/>
				</MakeCommands>
			</Target>
			<Target title="ParserAnalyzer/fast">
				<Option output="/home/crystal/compilerPriciple/Lab/CmakeBuild/lib/libParserAnalyzer.a" prefix_auto="0" extension_auto="0"/>
				<Option working_dir="/home/crystal/compilerPriciple/Lab/CmakeBuild"/>
				<Option object_output="./"/>
				<Option type="2"/>
				<Option compiler="gcc"/>
				<Compiler>
					<Add directory="/home/crystal/compilerPriciple/Lab/include"/>
					<Add directory="/usr/lib/gcc/x86_64-linux-gnu/11/include"/>
					<Add directory="/usr/local/include"/>
					<Add directory="/usr/include/x86_64-linux-gnu"/>
					<Add directory="/usr/include"/>
				</Compiler>
				<MakeCommands>
					<Build command="/usr/bin/gmake -j16 -f &quot;/home/crystal/compilerPriciple/Lab/CmakeBuild/Makefile&quot;  VERBOSE=1 ParserAnalyzer/fast"/>
					<CompileFile command="/usr/bin/gmake -j16 -f &quot;/home/crystal/compilerPriciple/Lab/CmakeBuild/Makefile&quot;  VERBOSE=1 &quot;$file&quot;"/>
					<Clean command="/usr/bin/gmake -j16 -f &quot;/home/crystal/compilerPriciple/Lab/CmakeBuild/Makefile&quot;  VERBOSE=1 clean"/>
					<DistClean command="/usr/bin/gmake -j16 -f &quot;/home/crystal/compilerPriciple/Lab/CmakeBuild/Makefile&quot;  VERBOSE=1 clean"/>
				</MakeCommands>
			</Target>
			<Target title="SemanticAnalyzer">
				<Option output="/home/crystal/compilerPriciple/Lab/CmakeBuild/lib/libSemanticAnalyzer.a" prefix_auto="0" extension_auto="0"/>
				<Option working_dir="/home/crystal/compilerPriciple/Lab/CmakeBuild"/>
				<Option object_output="./"/>
				<Option type="2"/>
				<Option compiler="gcc"/>
				<Compiler>
					<Add directory="/home/crystal/compilerPriciple/Lab/include"/>
					<Add directory="/usr/lib/gcc/x86_64-linux-gnu/11/include"/>
					<Add directory="/usr/local/include"/>
					<Add directory="/usr/include/x86_64-linux-gnu"/>
					<Add directory="/usr/include"/>
				</Compiler>
				<MakeCommands>
					<Build command="/usr/bin/gmake -j16 -f &quot;/home/crystal/compilerPriciple/Lab/CmakeBuild/Makefile&quot;  VERBOSE=1 SemanticAnalyzer"/>
					<CompileFile command="/usr/bin/gmake -j16 -f &quot;/home/crystal/compilerPriciple/Lab/CmakeBuild/Makefile&quot;  VERBOSE=1 &quot;$file&quot;"/>
					<Clean command="/usr/bin/gmake -j16 -f &quot;/home/crystal/compilerPriciple/Lab/CmakeBuild/Makefile&quot;  VERBOSE=1 clean"/>
					<DistClean command="/usr/bin/gmake -j16 -f &quot;/home/crystal/compilerPriciple/Lab/CmakeBuild/Makefile&quot;  VERBOSE=1 clean"/>
				</MakeCommands>
			</Target>
			<Target title="SemanticAnalyzer/fast">
				<Option output="/home/crystal/compilerPriciple/Lab/CmakeBuild/lib/libSemanticAnalyzer.a" prefix_auto="0" extension_auto="0"/>
				<Option working_dir="/home/crystal/compilerPriciple/Lab/CmakeBuild"/>
				<Option object_output="./"/>
				<Option type="2"/>
				<Option compiler="gcc"/>
				<Compiler>
					<Add directory="/home/crystal/compilerPriciple/Lab/include"/>
					<Add directory="/usr/lib/gcc/x86_64-linux-gnu/11/include"/>
					<Add directory="/usr/local/include"/>
					<Add directory="/usr/include/x86_64-linux-gnu"/>
					<Add directory="/usr/include"/>
				</Compiler>
				<MakeCommands>
					<Build command="/usr/bin/gmake -j16 -f &quot;/home/crystal/compilerPriciple/Lab/CmakeBuild/Makefile&quot;  VERBOSE=1 SemanticAnalyzer/fast"/>
					<CompileFile command="/usr/bin/gmake -j16 -f &quot;/home/crystal/compilerPriciple/Lab/CmakeBuild/Makefile&quot;  VERBOSE=1 &quot;$file&quot;"/>
					<Clean command="/usr/bin/gmake -j16 -f &quot;/home/crystal/compilerPriciple/Lab/CmakeBuild/Makefile&quot;  VERBOSE=1 clean"/>
					<DistClean command="/usr/bin/gmake -j16 -f &quot;/home/crystal/compilerPriciple/Lab/CmakeBuild/Makefile&quot;  VERBOSE=1 clean"/>
				</MakeCommands>
			</Target>
			<Target title="InterCodeGenerator">
				<Option output="/home/crystal/compilerPriciple/Lab/CmakeBuild/lib/libInterCodeGenerator.a" prefix_auto="0" extension_auto="0"/>
				<Option working_dir="/home/crystal/compilerPriciple/Lab/CmakeBuild"/>
				<Option object_output="./"/>
				<Option type="2"/>
				<Option compiler="gcc"/>
				<Compiler>
					<Add directory="/home/crystal/compilerPriciple/Lab/include"/>
					<Add directory="/usr/lib/gcc/x86_64-linux-gnu/11/include"/>
					<Add directory="/usr/local/include"/>
					<Add directory="/usr/include/x86_64-linux-gnu"/>
					<Add directory="/usr/include"/>
				</Compiler>
				<MakeCommands>
					<Build command="/usr/bin/gmake -j16 -f &quot;/home/crystal/compilerPriciple/Lab/CmakeBuild/Makefile&quot;  VERBOSE=1 InterCodeGenerator"/>
					<CompileFile command="/usr/bin/gmake -j16 -f &quot;/home/crystal/compilerPriciple/Lab/CmakeBuild/Makefile&quot;  VERBOSE=1 &quot;$file&quot;"/>
					<Clean command="/usr/bin/gmake -j16 -f &quot;/home/crystal/compilerPriciple/Lab/CmakeBuild/Makefile&quot;  VERBOSE=1 clean"/>
					<DistClean command="/usr/bin/gmake -j16 -f &quot;/home/crystal/compilerPriciple/Lab/CmakeBuild/Makefile&quot;  VERBOSE=1 clean"/>
				</MakeCommands>
			</Target>
			<Target title="InterCodeGenerator/fast">
				<Option output="/home/crystal/compilerPriciple/Lab/CmakeBuild/lib/libInterCodeGenerator.a" prefix_auto="0" extension_auto="0"/>
				<Option working_dir="/home/crystal/compilerPriciple/Lab/CmakeBuild"/>
				<Option object_output="./"/>
				<Option type="2"/>
				<Option compiler="gcc"/>
				<Compiler>
					<Add directory="/home/crystal/compilerPriciple/Lab/include"/>
					<Add directory="/usr/lib/gcc/x86_64-linux-gnu/11/include"/>
					<Add directory="/usr/local/include"/>
					<Add directory="/usr/include/x86_64-linux-gnu"/>
					<Add directory="/usr/include"/>
				</Compiler>
				<MakeCommands>
					<Build command="/usr/bin/gmake -j16 -f &quot;/home/crystal/compilerPriciple/Lab/CmakeBuild/Makefile&quot;  VERBOSE=1 InterCodeGenerator/fast"/>
					<CompileFile command="/usr/bin/gmake -j16 -f &quot;/home/crystal/compilerPriciple/Lab/CmakeBuild/Makefile&quot;  VERBOSE=1 &quot;$file&quot;"/>
					<Clean command="/usr/bin/gmake -j16 -f &quot;/home/crystal/compilerPriciple/Lab/CmakeBuild/Makefile&quot;  VERBOSE=1 clean"/>
					<DistClean command="/usr/bin/gmake -j16 -f &quot;/home/crystal/compilerPriciple/Lab/CmakeBuild/Makefile&quot;  VERBOSE=1 clean"/>
				</MakeCommands>
			</Target>
			<Target title="Lab1">
				<Option output="/home/crystal/compilerPriciple/Lab/crystal/Lab1" prefix_auto="0" extension_auto="0"/>
				<Option working_dir="/home/crystal/compilerPriciple/Lab/crystal"/>
				<Option object_output="./"/>
				<Option type="1"/>
				<Option compiler="gcc"/>
				<Compiler>
					<Add directory="/home/crystal/compilerPriciple/Lab/include"/>
					<Add directory="/usr/lib/gcc/x86_64-linux-gnu/11/include"/>
					<Add directory="/usr/local/include"/>
					<Add directory="/usr/include/x86_64-linux-gnu"/>
					<Add directory="/usr/include"/>
				</Compiler>
				<MakeCommands>
					<Build command="/usr/bin/gmake -j16 -f &quot;/home/crystal/compilerPriciple/Lab/CmakeBuild/Makefile&quot;  VERBOSE=1 Lab1"/>
					<CompileFile command="/usr/bin/gmake -j16 -f &quot;/home/crystal/compilerPriciple/Lab/CmakeBuild/Makefile&quot;  VERBOSE=1 &quot;$file&quot;"/>
					<Clean command="/usr/bin/gmake -j16 -f &quot;/home/crystal/compilerPriciple/Lab/CmakeBuild/Makefile&quot;  VERBOSE=1 clean"/>
					<DistClean command="/usr/bin/gmake -j16 -f &quot;/home/crystal/compilerPriciple/Lab/CmakeBuild/Makefile&quot;  VERBOSE=1 clean"/>
				</MakeCommands>
			</Target>
			<Target title="Lab1/fast">
				<Option output="/home/crystal/compilerPriciple/Lab/crystal/Lab1" prefix_auto="0" extension_auto="0"/>
				<Option working_dir="/home/crystal/compilerPriciple/Lab/crystal"/>
				<Option object_output="./"/>
				<Option type="1"/>
				<Option compiler="gcc"/>
				<Compiler>
					<Add directory="/home/crystal/compilerPriciple/Lab/include"/>
					<Add directory="/usr/lib/gcc/x86_64-linux-gnu/11/include"/>
					<Add directory="/usr/local/include"/>
					<Add directory="/usr/include/x86_64-linux-gnu"/>
					<Add directory="/usr/include"/>
				</Compiler>
				<MakeCommands>
					<Build command="/usr/bin/gmake -j16 -f &quot;/home/crystal/compilerPriciple/Lab/CmakeBuild/Makefile&quot;  VERBOSE=1 Lab1/fast"/>
					<CompileFile command="/usr/bin/gmake -j16 -f &quot;/home/crystal/compilerPriciple/Lab/CmakeBuild/Makefile&quot;  VERBOSE=1 &quot;$file&quot;"/>
					<Clean command="/usr/bin/gmake -j16 -f &quot;/home/crystal/compilerPriciple/Lab/CmakeBuild/Makefile&quot;  VERBOSE=1 clean"/>
					<DistClean command="/usr/bin/gmake -j16 -f &quot;/home/crystal/compilerPriciple/Lab/CmakeBuild/Makefile&quot;  VERBOSE=1 clean"/>
				</MakeCommands>
			</Target>
			<Target title="Lab2">
				<Option output="/home/crystal/compilerPriciple/Lab/crystal/Lab2" prefix_auto="0" extension_auto="0"/>
				<Option working_dir="/home/crystal/compilerPriciple/Lab/crystal"/>
				<Option object_output="./"/>
				<Option type="1"/>
				<Option compiler="gcc"/>
				<Compiler>
					<Add directory="/home/crystal/compilerPriciple/Lab/include"/>
					<Add directory="/usr/lib/gcc/x86_64-linux-gnu/11/include"/>
					<Add directory="/usr/local/include"/>
					<Add directory="/usr/include/x86_64-linux-gnu"/>
					<Add directory="/usr/include"/>
				</Compiler>
				<MakeCommands>
					<Build command="/usr/bin/gmake -j16 -f &quot;/home/crystal/compilerPriciple/Lab/CmakeBuild/Makefile&quot;  VERBOSE=1 Lab2"/>
					<CompileFile command="/usr/bin/gmake -j16 -f &quot;/home/crystal/compilerPriciple/Lab/CmakeBuild/Makefile&quot;  VERBOSE=1 &quot;$file&quot;"/>
					<Clean command="/usr/bin/gmake -j16 -f &quot;/home/crystal/compilerPriciple/Lab/CmakeBuild/Makefile&quot;  VERBOSE=1 clean"/>
					<DistClean command="/usr/bin/gmake -j16 -f &quot;/home/crystal/compilerPriciple/Lab/CmakeBuild/Makefile&quot;  VERBOSE=1 clean"/>
				</MakeCommands>
			</Target>
			<Target title="Lab2/fast">
				<Option output="/home/crystal/compilerPriciple/Lab/crystal/Lab2" prefix_auto="0" extension_auto="0"/>
				<Option working_dir="/home/crystal/compilerPriciple/Lab/crystal"/>
				<Option object_output="./"/>
				<Option type="1"/>
				<Option compiler="gcc"/>
				<Compiler>
					<Add directory="/home/crystal/compilerPriciple/Lab/include"/>
					<Add directory="/usr/lib/gcc/x86_64-linux-gnu/11/include"/>
					<Add directory="/usr/local/include"/>
					<Add directory="/usr/include/x86_64-linux-gnu"/>
					<Add directory="/usr/include"/>
				</Compiler>
				<MakeCommands>
					<Build command="/usr/bin/gmake -j16 -f &quot;/home/crystal/compilerPriciple/Lab/CmakeBuild/Makefile&quot;  VERBOSE=1 Lab2/fast"/>
					<CompileFile command="/usr/bin/gmake -j16 -f &quot;/home/crystal/compilerPriciple/Lab/CmakeBuild/Makefile&quot;  VERBOSE=1 &quot;$file&quot;"/>
					<Clean command="/usr/bin/gmake -j16 -f &quot;/home/crystal/compilerPriciple/Lab/CmakeBuild/Makefile&quot;  VERBOSE=1 clean"/>
					<DistClean command="/usr/bin/gmake -j16 -f &quot;/home/crystal/compilerPriciple/Lab/CmakeBuild/Makefile&quot;  VERBOSE=1 clean"/>
				</MakeCommands>
			</Target>
			<Target title="Lab3">
				<Option output="/home/crystal/compilerPriciple/Lab/crystal/Lab3" prefix_auto="0" extension_auto="0"/>
				<Option working_dir="/home/crystal/compilerPriciple/Lab/crystal"/>
				<Option object_output="./"/>
				<Option type="1"/>
				<Option compiler="gcc"/>
				<Compiler>
					<Add directory="/home/crystal/compilerPriciple/Lab/include"/>
					<Add directory="/usr/lib/gcc/x86_64-linux-gnu/11/include"/>
					<Add directory="/usr/local/include"/>
					<Add directory="/usr/include/x86_64-linux-gnu"/>
					<Add directory="/usr/include"/>
				</Compiler>
				<MakeCommands>
					<Build command="/usr/bin/gmake -j16 -f &quot;/home/crystal/compilerPriciple/Lab/CmakeBuild/Makefile&quot;  VERBOSE=1 Lab3"/>
					<CompileFile command="/usr/bin/gmake -j16 -f &quot;/home/crystal/compilerPriciple/Lab/CmakeBuild/Makefile&quot;  VERBOSE=1 &quot;$file&quot;"/>
					<Clean command="/usr/bin/gmake -j16 -f &quot;/home/crystal/compilerPriciple/Lab/CmakeBuild/Makefile&quot;  VERBOSE=1 clean"/>
					<DistClean command="/usr/bin/gmake -j16 -f &quot;/home/crystal/compilerPriciple/Lab/CmakeBuild/Makefile&quot;  VERBOSE=1 clean"/>
				</MakeCommands>
			</Target>
			<Target title="Lab3/fast">
				<Option output="/home/crystal/compilerPriciple/Lab/crystal/Lab3" prefix_auto="0" extension_auto="0"/>
				<Option working_dir="/home/crystal/compilerPriciple/Lab/crystal"/>
				<Option object_output="./"/>
				<Option type="1"/>
				<Option compiler="gcc"/>
				<Compiler>
					<Add directory="/home/crystal/compilerPriciple/Lab/include"/>
					<Add directory="/usr/lib/gcc/x86_64-linux-gnu/11/include"/>
					<Add directory="/usr/local/include"/>
					<Add directory="/usr/include/x86_64-linux-gnu"/>
					<Add directory="/usr/include"/>
				</Compiler>
				<MakeCommands>
					<Build command="/usr/bin/gmake -j16 -f &quot;/home/crystal/compilerPriciple/Lab/CmakeBuild/Makefile&quot;  VERBOSE=1 Lab3/fast"/>
					<CompileFile command="/usr/bin/gmake -j16 -f &quot;/home/crystal/compilerPriciple/Lab/CmakeBuild/Makefile&quot;  VERBOSE=1 &quot;$file&quot;"/>
					<Clean command="/usr/bin/gmake -j16 -f &quot;/home/crystal/compilerPriciple/Lab/CmakeBuild/Makefile&quot;  VERBOSE=1 clean"/>
					<DistClean command="/usr/bin/gmake -j16 -f &quot;/home/crystal/compilerPriciple/Lab/CmakeBuild/Makefile&quot;  VERBOSE=1 clean"/>
				</MakeCommands>
			</Target>
			<Target title="edit_cache">
				<Option working_dir="/home/crystal/compilerPriciple/Lab/CmakeBuild"/>
				<Option type="4"/>
				<MakeCommands>
					<Build command="/usr/bin/gmake -j16 -f &quot;/home/crystal/compilerPriciple/Lab/CmakeBuild/Makefile&quot;  VERBOSE=1 edit_cache"/>
					<CompileFile command="/usr/bin/gmake -j16 -f &quot;/home/crystal/compilerPriciple/Lab/CmakeBuild/Makefile&quot;  VERBOSE=1 &quot;$file&quot;"/>
					<Clean command="/usr/bin/gmake -j16 -f &quot;/home/crystal/compilerPriciple/Lab/CmakeBuild/Makefile&quot;  VERBOSE=1 clean"/>
					<DistClean command="/usr/bin/gmake -j16 -f &quot;/home/crystal/compilerPriciple/Lab/CmakeBuild/Makefile&quot;  VERBOSE=1 clean"/>
				</MakeCommands>
			</Target>
			<Target title="rebuild_cache">
				<Option working_dir="/home/crystal/compilerPriciple/Lab/CmakeBuild"/>
				<Option type="4"/>
				<MakeCommands>
					<Build command="/usr/bin/gmake -j16 -f &quot;/home/crystal/compilerPriciple/Lab/CmakeBuild/Makefile&quot;  VERBOSE=1 rebuild_cache"/>
					<CompileFile command="/usr/bin/gmake -j16 -f &quot;/home/crystal/compilerPriciple/Lab/CmakeBuild/Makefile&quot;  VERBOSE=1 &quot;$file&quot;"/>
					<Clean command="/usr/bin/gmake -j16 -f &quot;/home/crystal/compilerPriciple/Lab/CmakeBuild/Makefile&quot;  VERBOSE=1 clean"/>
					<DistClean command="/usr/bin/gmake -j16 -f &quot;/home/crystal/compilerPriciple/Lab/CmakeBuild/Makefile&quot;  VERBOSE=1 clean"/>
				</MakeCommands>
			</Target>
		</Build>
		<Unit filename="/home/crystal/compilerPriciple/Lab/CmakeBuild/CmmParser.c">
			<Option target="Parser"/>
		</Unit>
		<Unit filename="/home/crystal/compilerPriciple/Lab/CmakeBuild/CmmParser.c.rule">
			<Option target="Lexer"/>
			<Option target="Parser"/>
		</Unit>
		<Unit filename="/home/crystal/compilerPriciple/Lab/CmakeBuild/CmmScanner.c">
			<Option target="Lexer"/>
		</Unit>
		<Unit filename="/home/crystal/compilerPriciple/Lab/CmakeBuild/CmmScanner.c.rule">
			<Option target="Lexer"/>
		</Unit>
		<Unit filename="/home/crystal/compilerPriciple/Lab/include/CmmParser.tab.h">
			<Option target="Parser"/>
		</Unit>
		<Unit filename="/home/crystal/compilerPriciple/Lab/include/CmmScanner.tab.h">
			<Option target="Lexer"/>
		</Unit>
		<Unit filename="/home/crystal/compilerPriciple/Lab/src/ErrorReporter.c">
			<Option target="ErrorReporter"/>
		</Unit>
		<Unit filename="/home/crystal/compilerPriciple/Lab/src/InterCodeGenerator.c">
			<Option target="InterCodeGenerator"/>
		</Unit>
		<Unit filename="/home/crystal/compilerPriciple/Lab/src/Lab1.c">
			<Option target="Lab1"/>
		</Unit>
		<Unit filename="/home/crystal/compilerPriciple/Lab/src/Lab2.c">
			<Option target="Lab2"/>
		</Unit>
		<Unit filename="/home/crystal/compilerPriciple/Lab/src/Lab3.c">
			<Option target="Lab3"/>
		</Unit>
		<Unit filename="/home/crystal/compilerPriciple/Lab/src/SemanticAnalyzer.c">
			<Option target="SemanticAnalyzer"/>
		</Unit>
		<Unit filename="/home/crystal/compilerPriciple/Lab/src/Structure/ParserNodes.c">
			<Option target="ParserAnalyzer"/>
		</Unit>
		<Unit filename="/home/crystal/compilerPriciple/Lab/src/Structure/SemanticInfo.c">
			<Option target="SemanticAnalyzer"/>
		</Unit>
		<Unit filename="/home/crystal/compilerPriciple/Lab/src/Structure/SimpleArray.c">
			<Option target="SimpleContainers"/>
		</Unit>
		<Unit filename="/home/crystal/compilerPriciple/Lab/src/Structure/SimpleHashTable.c">
			<Option target="SimpleContainers"/>
		</Unit>
		<Unit filename="/home/crystal/compilerPriciple/Lab/src/Structure/SimpleList.c">
			<Option target="SimpleContainers"/>
		</Unit>
		<Unit filename="/home/crystal/compilerPriciple/Lab/src/Structure/SymbolTable.c">
			<Option target="SemanticAnalyzer"/>
		</Unit>
		<Unit filename="/home/crystal/compilerPriciple/Lab/src/Structure/TokenName.c">
			<Option target="ParserAnalyzer"/>
		</Unit>
		<Unit filename="/home/crystal/compilerPriciple/Lab/CMakeLists.txt">
			<Option virtualFolder="CMake Files\"/>
		</Unit>
	</Project>
</CodeBlocks_project_file>
